{
  "name": "groups",
  "version": "1.0.0",
  "lockfileVersion": 1,
  "requires": true,
  "dependencies": {
    "@types/lodash": {
      "version": "4.14.108",
      "resolved": "https://registry.npmjs.org/@types/lodash/-/lodash-4.14.108.tgz",
      "integrity": "sha512-WD2vUOKfBBVHxWUV9iMR9RMfpuf8HquxWeAq2yqGVL7Nc4JW2+sQama0pREMqzNI3Tutj0PyxYUJwuoxxvX+xA==",
      "dev": true
    },
    "@types/lodash-es": {
      "version": "4.17.0",
      "resolved": "https://registry.npmjs.org/@types/lodash-es/-/lodash-es-4.17.0.tgz",
      "integrity": "sha512-h8lkWQSgT4qjs9PcIhcL2nWubZeXRVzjZxYlRFmcX9BW1PIk5qRc0djtRWZqtM+GDDFhwBt0ztRu72D/YxIcEw==",
      "dev": true,
      "requires": {
        "@types/lodash": "*"
      }
    },
    "hyperapp": {
      "version": "1.2.5",
      "resolved": "https://registry.npmjs.org/hyperapp/-/hyperapp-1.2.5.tgz",
      "integrity": "sha512-XKHTW3fUU8nCt6lZngJoprRTsAbpd0NRtN/BMLTJY6DMs76lgTXyEynw2d1G4di/gNib1FM/ocsdTLCup4SJ/A=="
    },
    "hyperapp-devtools": {
      "version": "0.3.0",
      "resolved": "https://registry.npmjs.org/hyperapp-devtools/-/hyperapp-devtools-0.3.0.tgz",
      "integrity": "sha512-G0dXaBR/0o2fj18TSPNrJ1/kA3O8EJJ/9aAMk5jN2Uahw3R6DIfBg8zPQ+Z55D5U8YVVejMQp+wF6wU+vfDuPQ==",
      "requires": {
        "hyperapp": "^1.2.5",
        "spectre.css": "^0.5.1"
      }
    },
    "lodash-es": {
      "version": "4.17.10",
      "resolved": "https://registry.npmjs.org/lodash-es/-/lodash-es-4.17.10.tgz",
      "integrity": "sha512-iesFYPmxYYGTcmQK0sL8bX3TGHyM6b2qREaB4kamHfQyfPJP0xgoGxp19nsH16nsfquLdiyKyX3mQkfiSGV8Rg=="
    },
    "picostyle": {
      "version": "1.0.2",
      "resolved": "https://registry.npmjs.org/picostyle/-/picostyle-1.0.2.tgz",
      "integrity": "sha1-F6/+DlRWD92r6ir2doe+ySljdNo=",
      "dev": true
    },
    "spectre.css": {
      "version": "0.5.1",
      "resolved": "https://registry.npmjs.org/spectre.css/-/spectre.css-0.5.1.tgz",
      "integrity": "sha1-vWA0VYS9iBQ/fQkwEZyPS70oIsc="
    },
    "typescript": {
      "version": "2.8.3",
      "resolved": "https://registry.npmjs.org/typescript/-/typescript-2.8.3.tgz",
      "integrity": "sha512-K7g15Bb6Ra4lKf7Iq2l/I5/En+hLIHmxWZGq3D4DIRNFxMNV6j2SHSvDOqs2tGd4UvD/fJvrwopzQXjLrT7Itw==",
      "dev": true
    }
  }
}
